
Microsoft Visual Studio Solution File, Format Version 12.00
# Visual Studio Version 17
VisualStudioVersion = 17.0.32126.317
MinimumVisualStudioVersion = 10.0.40219.1
Project("{FAE04EC0-301F-11D3-BF4B-00C04F79EFBC}") = "meajudanas5.discover.uses", "meajudanas5.discover.uses.csproj", "{6AEC8CA2-C4EB-47CA-AAE0-2560232C6556}"
EndProject
Global
	GlobalSection(SolutionConfigurationPlatforms) = preSolution
		Debug|Any CPU = Debug|Any CPU
		Release|Any CPU = Release|Any CPU
	EndGlobalSection
	GlobalSection(ProjectConfigurationPlatforms) = postSolution
		{6AEC8CA2-C4EB-47CA-AAE0-2560232C6556}.Debug|Any CPU.ActiveCfg = Debug|Any CPU
		{6AEC8CA2-C4EB-47CA-AAE0-2560232C6556}.Debug|Any CPU.Build.0 = Debug|Any CPU
		{6AEC8CA2-C4EB-47CA-AAE0-2560232C6556}.Release|Any CPU.ActiveCfg = Release|Any CPU
		{6AEC8CA2-C4EB-47CA-AAE0-2560232C6556}.Release|Any CPU.Build.0 = Release|Any CPU
	EndGlobalSection
	GlobalSection(SolutionProperties) = preSolution
		HideSolutionNode = FALSE
	EndGlobalSection
	GlobalSection(ExtensibilityGlobals) = postSolution
		SolutionGuid = {EDFCAC18-FC49-45F0-B62A-45A2CA634099}
	EndGlobalSection
EndGlobal
